
Microsoft Visual Studio Solution File, Format Version 12.00
# Visual Studio 14
VisualStudioVersion = 14.0.25420.1
MinimumVisualStudioVersion = 10.0.40219.1
Project("{FAE04EC0-301F-11D3-BF4B-00C04F79EFBC}") = "OnlineEventManagementSystem.MVC", "OnlineEventManagementSystem.MVC\OnlineEventManagementSystem.MVC.csproj", "{2E452A89-F076-4C1B-B3D6-396AC6A6EADD}"
EndProject
Global
	GlobalSection(SolutionConfigurationPlatforms) = preSolution
		Debug|Any CPU = Debug|Any CPU
		Release|Any CPU = Release|Any CPU
	EndGlobalSection
	GlobalSection(ProjectConfigurationPlatforms) = postSolution
		{2E452A89-F076-4C1B-B3D6-396AC6A6EADD}.Debug|Any CPU.ActiveCfg = Debug|Any CPU
		{2E452A89-F076-4C1B-B3D6-396AC6A6EADD}.Debug|Any CPU.Build.0 = Debug|Any CPU
		{2E452A89-F076-4C1B-B3D6-396AC6A6EADD}.Release|Any CPU.ActiveCfg = Release|Any CPU
		{2E452A89-F076-4C1B-B3D6-396AC6A6EADD}.Release|Any CPU.Build.0 = Release|Any CPU
	EndGlobalSection
	GlobalSection(SolutionProperties) = preSolution
		HideSolutionNode = FALSE
	EndGlobalSection
EndGlobal
